// !$*UTF8*$!
{
	archiveVersion = 1;
	classes = {
	};
	objectVersion = 46;
	objects = {

/* Begin PBXBuildFile section */
		842105F01B2C6D19003B70A6 /* AppDelegate.swift in Sources */ = {isa = PBXBuildFile; fileRef = 842105EF1B2C6D19003B70A6 /* AppDelegate.swift */; };
		842105F21B2C6D19003B70A6 /* FirstViewController.swift in Sources */ = {isa = PBXBuildFile; fileRef = 842105F11B2C6D19003B70A6 /* FirstViewController.swift */; };
		842105F41B2C6D19003B70A6 /* SecondViewController.swift in Sources */ = {isa = PBXBuildFile; fileRef = 842105F31B2C6D19003B70A6 /* SecondViewController.swift */; };
		842105F71B2C6D19003B70A6 /* Main.storyboard in Resources */ = {isa = PBXBuildFile; fileRef = 842105F51B2C6D19003B70A6 /* Main.storyboard */; };
		842105F91B2C6D19003B70A6 /* Images.xcassets in Resources */ = {isa = PBXBuildFile; fileRef = 842105F81B2C6D19003B70A6 /* Images.xcassets */; };
		842105FC1B2C6D19003B70A6 /* LaunchScreen.xib in Resources */ = {isa = PBXBuildFile; fileRef = 842105FA1B2C6D19003B70A6 /* LaunchScreen.xib */; };
		842106081B2C6D1A003B70A6 /* examen0101Tests.swift in Sources */ = {isa = PBXBuildFile; fileRef = 842106071B2C6D1A003B70A6 /* examen0101Tests.swift */; };
		842106121B2C6F82003B70A6 /* AdminNotas.swift in Sources */ = {isa = PBXBuildFile; fileRef = 842106111B2C6F82003B70A6 /* AdminNotas.swift */; };
/* End PBXBuildFile section */

/* Begin PBXContainerItemProxy section */
		842106021B2C6D1A003B70A6 /* PBXContainerItemProxy */ = {
			isa = PBXContainerItemProxy;
			containerPortal = 842105E21B2C6D19003B70A6 /* Project object */;
			proxyType = 1;
			remoteGlobalIDString = 842105E91B2C6D19003B70A6;
			remoteInfo = examen0101;
		};
/* End PBXContainerItemProxy section */

/* Begin PBXFileReference section */
		842105EA1B2C6D19003B70A6 /* examen0101.app */ = {isa = PBXFileReference; explicitFileType = wrapper.application; includeInIndex = 0; path = examen0101.app; sourceTree = BUILT_PRODUCTS_DIR; };
		842105EE1B2C6D19003B70A6 /* Info.plist */ = {isa = PBXFileReference; lastKnownFileType = text.plist.xml; path = Info.plist; sourceTree = "<group>"; };
		842105EF1B2C6D19003B70A6 /* AppDelegate.swift */ = {isa = PBXFileReference; lastKnownFileType = sourcecode.swift; path = AppDelegate.swift; sourceTree = "<group>"; };
		842105F11B2C6D19003B70A6 /* FirstViewController.swift */ = {isa = PBXFileReference; lastKnownFileType = sourcecode.swift; path = FirstViewController.swift; sourceTree = "<group>"; };
		842105F31B2C6D19003B70A6 /* SecondViewController.swift */ = {isa = PBXFileReference; lastKnownFileType = sourcecode.swift; path = SecondViewController.swift; sourceTree = "<group>"; };
		842105F61B2C6D19003B70A6 /* Base */ = {isa = PBXFileReference; lastKnownFileType = file.storyboard; name = Base; path = Base.lproj/Main.storyboard; sourceTree = "<group>"; };
		842105F81B2C6D19003B70A6 /* Images.xcassets */ = {isa = PBXFileReference; lastKnownFileType = folder.assetcatalog; path = Images.xcassets; sourceTree = "<group>"; };
		842105FB1B2C6D19003B70A6 /* Base */ = {isa = PBXFileReference; lastKnownFileType = file.xib; name = Base; path = Base.lproj/LaunchScreen.xib; sourceTree = "<group>"; };
		842106011B2C6D1A003B70A6 /* examen0101Tests.xctest */ = {isa = PBXFileReference; explicitFileType = wrapper.cfbundle; includeInIndex = 0; path = examen0101Tests.xctest; sourceTree = BUILT_PRODUCTS_DIR; };
		842106061B2C6D1A003B70A6 /* Info.plist */ = {isa = PBXFileReference; lastKnownFileType = text.plist.xml; path = Info.plist; sourceTree = "<group>"; };
		842106071B2C6D1A003B70A6 /* examen0101Tests.swift */ = {isa = PBXFileReference; lastKnownFileType = sourcecode.swift; path = examen0101Tests.swift; sourceTree = "<group>"; };
		842106111B2C6F82003B70A6 /* AdminNotas.swift */ = {isa = PBXFileReference; fileEncoding = 4; lastKnownFileType = sourcecode.swift; name = AdminNotas.swift; path = ../AdminNotas.swift; sourceTree = "<group>"; };
/* End PBXFileReference section */

/* Begin PBXFrameworksBuildPhase section */
		842105E71B2C6D19003B70A6 /* Frameworks */ = {
			isa = PBXFrameworksBuildPhase;
			buildActionMask = 2147483647;
			files = (
			);
			runOnlyForDeploymentPostprocessing = 0;
		};
		842105FE1B2C6D1A003B70A6 /* Frameworks */ = {
			isa = PBXFrameworksBuildPhase;
			buildActionMask = 2147483647;
			files = (
			);
			runOnlyForDeploymentPostprocessing = 0;
		};
/* End PBXFrameworksBuildPhase section */

/* Begin PBXGroup section */
		842105E11B2C6D19003B70A6 = {
			isa = PBXGroup;
			children = (
				842105EC1B2C6D19003B70A6 /* examen0101 */,
				842106041B2C6D1A003B70A6 /* examen0101Tests */,
				842105EB1B2C6D19003B70A6 /* Products */,
			);
			sourceTree = "<group>";
		};
		842105EB1B2C6D19003B70A6 /* Products */ = {
			isa = PBXGroup;
			children = (
				842105EA1B2C6D19003B70A6 /* examen0101.app */,
				842106011B2C6D1A003B70A6 /* examen0101Tests.xctest */,
			);
			name = Products;
			sourceTree = "<group>";
		};
		842105EC1B2C6D19003B70A6 /* examen0101 */ = {
			isa = PBXGroup;
			children = (
				842105EF1B2C6D19003B70A6 /* AppDelegate.swift */,
				842105F11B2C6D19003B70A6 /* FirstViewController.swift */,
				842105F31B2C6D19003B70A6 /* SecondViewController.swift */,
				842106111B2C6F82003B70A6 /* AdminNotas.swift */,
				842105F51B2C6D19003B70A6 /* Main.storyboard */,
				842105F81B2C6D19003B70A6 /* Images.xcassets */,
				842105FA1B2C6D19003B70A6 /* LaunchScreen.xib */,
				842105ED1B2C6D19003B70A6 /* Supporting Files */,
			);
			path = examen0101;
			sourceTree = "<group>";
		};
		842105ED1B2C6D19003B70A6 /* Supporting Files */ = {
			isa = PBXGroup;
			children = (
				842105EE1B2C6D19003B70A6 /* Info.plist */,
			);
			name = "Supporting Files";
			sourceTree = "<group>";
		};
		842106041B2C6D1A003B70A6 /* examen0101Tests */ = {
			isa = PBXGroup;
			children = (
				842106071B2C6D1A003B70A6 /* examen0101Tests.swift */,
				842106051B2C6D1A003B70A6 /* Supporting Files */,
			);
			path = examen0101Tests;
			sourceTree = "<group>";
		};
		842106051B2C6D1A003B70A6 /* Supporting Files */ = {
			isa = PBXGroup;
			children = (
				842106061B2C6D1A003B70A6 /* Info.plist */,
			);
			name = "Supporting Files";
			sourceTree = "<group>";
		};
/* End PBXGroup section */

/* Begin PBXNativeTarget section */
		842105E91B2C6D19003B70A6 /* examen0101 */ = {
			isa = PBXNativeTarget;
			buildConfigurationList = 8421060B1B2C6D1A003B70A6 /* Build configuration list for PBXNativeTarget "examen0101" */;
			buildPhases = (
				842105E61B2C6D19003B70A6 /* Sources */,
				842105E71B2C6D19003B70A6 /* Frameworks */,
				842105E81B2C6D19003B70A6 /* Resources */,
			);
			buildRules = (
			);
			dependencies = (
			);
			name = examen0101;
			productName = examen0101;
			productReference = 842105EA1B2C6D19003B70A6 /* examen0101.app */;
			productType = "com.apple.product-type.application";
		};
		842106001B2C6D1A003B70A6 /* examen0101Tests */ = {
			isa = PBXNativeTarget;
			buildConfigurationList = 8421060E1B2C6D1A003B70A6 /* Build configuration list for PBXNativeTarget "examen0101Tests" */;
			buildPhases = (
				842105FD1B2C6D1A003B70A6 /* Sources */,
				842105FE1B2C6D1A003B70A6 /* Frameworks */,
				842105FF1B2C6D1A003B70A6 /* Resources */,
			);
			buildRules = (
			);
			dependencies = (
				842106031B2C6D1A003B70A6 /* PBXTargetDependency */,
			);
			name = examen0101Tests;
			productName = examen0101Tests;
			productReference = 842106011B2C6D1A003B70A6 /* examen0101Tests.xctest */;
			productType = "com.apple.product-type.bundle.unit-test";
		};
/* End PBXNativeTarget section */

/* Begin PBXProject section */
		842105E21B2C6D19003B70A6 /* Project object */ = {
			isa = PBXProject;
			attributes = {
				LastUpgradeCheck = 0630;
				ORGANIZATIONNAME = usuario;
				TargetAttributes = {
					842105E91B2C6D19003B70A6 = {
						CreatedOnToolsVersion = 6.3.2;
					};
					842106001B2C6D1A003B70A6 = {
						CreatedOnToolsVersion = 6.3.2;
						TestTargetID = 842105E91B2C6D19003B70A6;
					};
				};
			};
			buildConfigurationList = 842105E51B2C6D19003B70A6 /* Build configuration list for PBXProject "examen0101" */;
			compatibilityVersion = "Xcode 3.2";
			developmentRegion = English;
			hasScannedForEncodings = 0;
			knownRegions = (
				en,
				Base,
			);
			mainGroup = 842105E11B2C6D19003B70A6;
			productRefGroup = 842105EB1B2C6D19003B70A6 /* Products */;
			projectDirPath = "";
			projectRoot = "";
			targets = (
				842105E91B2C6D19003B70A6 /* examen0101 */,
				842106001B2C6D1A003B70A6 /* examen0101Tests */,
			);
		};
/* End PBXProject section */

/* Begin PBXResourcesBuildPhase section */
		842105E81B2C6D19003B70A6 /* Resources */ = {
			isa = PBXResourcesBuildPhase;
			buildActionMask = 2147483647;
			files = (
				842105F71B2C6D19003B70A6 /* Main.storyboard in Resources */,
				842105FC1B2C6D19003B70A6 /* LaunchScreen.xib in Resources */,
				842105F91B2C6D19003B70A6 /* Images.xcassets in Resources */,
			);
			runOnlyForDeploymentPostprocessing = 0;
		};
		842105FF1B2C6D1A003B70A6 /* Resources */ = {
			isa = PBXResourcesBuildPhase;
			buildActionMask = 2147483647;
			files = (
			);
			runOnlyForDeploymentPostprocessing = 0;
		};
/* End PBXResourcesBuildPhase section */

/* Begin PBXSourcesBuildPhase section */
		842105E61B2C6D19003B70A6 /* Sources */ = {
			isa = PBXSourcesBuildPhase;
			buildActionMask = 2147483647;
			files = (
				842105F41B2C6D19003B70A6 /* SecondViewController.swift in Sources */,
				842106121B2C6F82003B70A6 /* AdminNotas.swift in Sources */,
				842105F01B2C6D19003B70A6 /* AppDelegate.swift in Sources */,
				842105F21B2C6D19003B70A6 /* FirstViewController.swift in Sources */,
			);
			runOnlyForDeploymentPostprocessing = 0;
		};
		842105FD1B2C6D1A003B70A6 /* Sources */ = {
			isa = PBXSourcesBuildPhase;
			buildActionMask = 2147483647;
			files = (
				842106081B2C6D1A003B70A6 /* examen0101Tests.swift in Sources */,
			);
			runOnlyForDeploymentPostprocessing = 0;
		};
/* End PBXSourcesBuildPhase section */

/* Begin PBXTargetDependency section */
		842106031B2C6D1A003B70A6 /* PBXTargetDependency */ = {
			isa = PBXTargetDependency;
			target = 842105E91B2C6D19003B70A6 /* examen0101 */;
			targetProxy = 842106021B2C6D1A003B70A6 /* PBXContainerItemProxy */;
		};
/* End PBXTargetDependency section */

/* Begin PBXVariantGroup section */
		842105F51B2C6D19003B70A6 /* Main.storyboard */ = {
			isa = PBXVariantGroup;
			children = (
				842105F61B2C6D19003B70A6 /* Base */,
			);
			name = Main.storyboard;
			sourceTree = "<group>";
		};
		842105FA1B2C6D19003B70A6 /* LaunchScreen.xib */ = {
			isa = PBXVariantGroup;
			children = (
				842105FB1B2C6D19003B70A6 /* Base */,
			);
			name = LaunchScreen.xib;
			sourceTree = "<group>";
		};
/* End PBXVariantGroup section */

/* Begin XCBuildConfiguration section */
		842106091B2C6D1A003B70A6 /* Debug */ = {
			isa = XCBuildConfiguration;
			buildSettings = {
				ALWAYS_SEARCH_USER_PATHS = NO;
				CLANG_CXX_LANGUAGE_STANDARD = "gnu++0x";
				CLANG_CXX_LIBRARY = "libc++";
				CLANG_ENABLE_MODULES = YES;
				CLANG_ENABLE_OBJC_ARC = YES;
				CLANG_WARN_BOOL_CONVERSION = YES;
				CLANG_WARN_CONSTANT_CONVERSION = YES;
				CLANG_WARN_DIRECT_OBJC_ISA_USAGE = YES_ERROR;
				CLANG_WARN_EMPTY_BODY = YES;
				CLANG_WARN_ENUM_CONVERSION = YES;
				CLANG_WARN_INT_CONVERSION = YES;
				CLANG_WARN_OBJC_ROOT_CLASS = YES_ERROR;
				CLANG_WARN_UNREACHABLE_CODE = YES;
				CLANG_WARN__DUPLICATE_METHOD_MATCH = YES;
				"CODE_SIGN_IDENTITY[sdk=iphoneos*]" = "iPhone Developer";
				COPY_PHASE_STRIP = NO;
				DEBUG_INFORMATION_FORMAT = "dwarf-with-dsym";
				ENABLE_STRICT_OBJC_MSGSEND = YES;
				GCC_C_LANGUAGE_STANDARD = gnu99;
				GCC_DYNAMIC_NO_PIC = NO;
				GCC_NO_COMMON_BLOCKS = YES;
				GCC_OPTIMIZATION_LEVEL = 0;
				GCC_PREPROCESSOR_DEFINITIONS = (
					"DEBUG=1",
					"$(inherited)",
				);
				GCC_SYMBOLS_PRIVATE_EXTERN = NO;
				GCC_WARN_64_TO_32_BIT_CONVERSION = YES;
				GCC_WARN_ABOUT_RETURN_TYPE = YES_ERROR;
				GCC_WARN_UNDECLARED_SELECTOR = YES;
				GCC_WARN_UNINITIALIZED_AUTOS = YES_AGGRESSIVE;
				GCC_WARN_UNUSED_FUNCTION = YES;
				GCC_WARN_UNUSED_VARIABLE = YES;
				IPHONEOS_DEPLOYMENT_TARGET = 8.3;
				MTL_ENABLE_DEBUG_INFO = YES;
				ONLY_ACTIVE_ARCH = YES;
				SDKROOT = iphoneos;
				SWIFT_OPTIMIZATION_LEVEL = "-Onone";
			};
			name = Debug;
		};
		8421060A1B2C6D1A003B70A6 /* Release */ = {
			isa = XCBuildConfiguration;
			buildSettings = {
				ALWAYS_SEARCH_USER_PATHS = NO;
				CLANG_CXX_LANGUAGE_STANDARD = "gnu++0x";
				CLANG_CXX_LIBRARY = "libc++";
				CLANG_ENABLE_MODULES = YES;
				CLANG_ENABLE_OBJC_ARC = YES;
				CLANG_WARN_BOOL_CONVERSION = YES;
				CLANG_WARN_CONSTANT_CONVERSION = YES;
				CLANG_WARN_DIRECT_OBJC_ISA_USAGE = YES_ERROR;
				CLANG_WARN_EMPTY_BODY = YES;
				CLANG_WARN_ENUM_CONVERSION = YES;
				CLANG_WARN_INT_CONVERSION = YES;
				CLANG_WARN_OBJC_ROOT_CLASS = YES_ERROR;
				CLANG_WARN_UNREACHABLE_CODE = YES;
				CLANG_WARN__DUPLICATE_METHOD_MATCH = YES;
				"CODE_SIGN_IDENTITY[sdk=iphoneos*]" = "iPhone Developer";
				COPY_PHASE_STRIP = NO;
				DEBUG_INFORMATION_FORMAT = "dwarf-with-dsym";
				ENABLE_NS_ASSERTIONS = NO;
				ENABLE_STRICT_OBJC_MSGSEND = YES;
				GCC_C_LANGUAGE_STANDARD = gnu99;
				GCC_NO_COMMON_BLOCKS = YES;
				GCC_WARN_64_TO_32_BIT_CONVERSION = YES;
				GCC_WARN_ABOUT_RETURN_TYPE = YES_ERROR;
				GCC_WARN_UNDECLARED_SELECTOR = YES;
				GCC_WARN_UNINITIALIZED_AUTOS = YES_AGGRESSIVE;
				GCC_WARN_UNUSED_FUNCTION = YES;
				GCC_WARN_UNUSED_VARIABLE = YES;
				IPHONEOS_DEPLOYMENT_TARGET = 8.3;
				MTL_ENABLE_DEBUG_INFO = NO;
				SDKROOT = iphoneos;
				VALIDATE_PRODUCT = YES;
			};
			name = Release;
		};
		8421060C1B2C6D1A003B70A6 /* Debug */ = {
			isa = XCBuildConfiguration;
			buildSettings = {
				ASSETCATALOG_COMPILER_APPICON_NAME = AppIcon;
				INFOPLIST_FILE = examen0101/Info.plist;
				LD_RUNPATH_SEARCH_PATHS = "$(inherited) @executable_path/Frameworks";
				PRODUCT_NAME = "$(TARGET_NAME)";
			};
			name = Debug;
		};
		8421060D1B2C6D1A003B70A6 /* Release */ = {
			isa = XCBuildConfiguration;
			buildSettings = {
				ASSETCATALOG_COMPILER_APPICON_NAME = AppIcon;
				INFOPLIST_FILE = examen0101/Info.plist;
				LD_RUNPATH_SEARCH_PATHS = "$(inherited) @executable_path/Frameworks";
				PRODUCT_NAME = "$(TARGET_NAME)";
			};
			name = Release;
		};
		8421060F1B2C6D1A003B70A6 /* Debug */ = {
			isa = XCBuildConfiguration;
			buildSettings = {
				BUNDLE_LOADER = "$(TEST_HOST)";
				FRAMEWORK_SEARCH_PATHS = (
					"$(SDKROOT)/Developer/Library/Frameworks",
					"$(inherited)",
				);
				GCC_PREPROCESSOR_DEFINITIONS = (
					"DEBUG=1",
					"$(inherited)",
				);
				INFOPLIST_FILE = examen0101Tests/Info.plist;
				LD_RUNPATH_SEARCH_PATHS = "$(inherited) @executable_path/Frameworks @loader_path/Frameworks";
				PRODUCT_NAME = "$(TARGET_NAME)";
				TEST_HOST = "$(BUILT_PRODUCTS_DIR)/examen0101.app/examen0101";
			};
			name = Debug;
		};
		842106101B2C6D1A003B70A6 /* Release */ = {
			isa = XCBuildConfiguration;
			buildSettings = {
				BUNDLE_LOADER = "$(TEST_HOST)";
				FRAMEWORK_SEARCH_PATHS = (
					"$(SDKROOT)/Developer/Library/Frameworks",
					"$(inherited)",
				);
				INFOPLIST_FILE = examen0101Tests/Info.plist;
				LD_RUNPATH_SEARCH_PATHS = "$(inherited) @executable_path/Frameworks @loader_path/Frameworks";
				PRODUCT_NAME = "$(TARGET_NAME)";
				TEST_HOST = "$(BUILT_PRODUCTS_DIR)/examen0101.app/examen0101";
			};
			name = Release;
		};
/* End XCBuildConfiguration section */

/* Begin XCConfigurationList section */
		842105E51B2C6D19003B70A6 /* Build configuration list for PBXProject "examen0101" */ = {
			isa = XCConfigurationList;
			buildConfigurations = (
				842106091B2C6D1A003B70A6 /* Debug */,
				8421060A1B2C6D1A003B70A6 /* Release */,
			);
			defaultConfigurationIsVisible = 0;
			defaultConfigurationName = Release;
		};
		8421060B1B2C6D1A003B70A6 /* Build configuration list for PBXNativeTarget "examen0101" */ = {
			isa = XCConfigurationList;
			buildConfigurations = (
				8421060C1B2C6D1A003B70A6 /* Debug */,
				8421060D1B2C6D1A003B70A6 /* Release */,
			);
			defaultConfigurationIsVisible = 0;
		};
		8421060E1B2C6D1A003B70A6 /* Build configuration list for PBXNativeTarget "examen0101Tests" */ = {
			isa = XCConfigurationList;
			buildConfigurations = (
				8421060F1B2C6D1A003B70A6 /* Debug */,
				842106101B2C6D1A003B70A6 /* Release */,
			);
			defaultConfigurationIsVisible = 0;
		};
/* End XCConfigurationList section */
	};
	rootObject = 842105E21B2C6D19003B70A6 /* Project object */;
}
